
Microsoft Visual Studio Solution File, Format Version 12.00
# Visual Studio 15
VisualStudioVersion = 15.0.28307.136
MinimumVisualStudioVersion = 10.0.40219.1
Project("{FAE04EC0-301F-11D3-BF4B-00C04F79EFBC}") = "WebBeds.Service", "WebBeds.Service\WebBeds.Service.csproj", "{F5FFF4E0-2637-4E5E-8377-F7594F974101}"
EndProject
Project("{FAE04EC0-301F-11D3-BF4B-00C04F79EFBC}") = "WebBeds.Repository", "IWebBedsRepository\WebBeds.Repository.csproj", "{E1A272B6-7A79-4E68-BF51-874C16E4AC6E}"
EndProject
Project("{FAE04EC0-301F-11D3-BF4B-00C04F79EFBC}") = "WebBeds.UI", "WebBeds.UI\WebBeds.UI.csproj", "{A6014597-7449-48F6-87BA-6C0DEFD6C3B1}"
EndProject
Project("{FAE04EC0-301F-11D3-BF4B-00C04F79EFBC}") = "WebBeds.Utility", "WebBeds.Utility\WebBeds.Utility.csproj", "{0F0D160A-53DC-4F5D-9C0A-BDFE700DA71F}"
EndProject
Project("{FAE04EC0-301F-11D3-BF4B-00C04F79EFBC}") = "WebBeds.Test", "WebBeds.Test\WebBeds.Test.csproj", "{96EFAE59-ECB1-49B2-92CC-28166AEB863B}"
EndProject
Global
	GlobalSection(SolutionConfigurationPlatforms) = preSolution
		Debug|Any CPU = Debug|Any CPU
		Release|Any CPU = Release|Any CPU
	EndGlobalSection
	GlobalSection(ProjectConfigurationPlatforms) = postSolution
		{F5FFF4E0-2637-4E5E-8377-F7594F974101}.Debug|Any CPU.ActiveCfg = Debug|Any CPU
		{F5FFF4E0-2637-4E5E-8377-F7594F974101}.Debug|Any CPU.Build.0 = Debug|Any CPU
		{F5FFF4E0-2637-4E5E-8377-F7594F974101}.Release|Any CPU.ActiveCfg = Release|Any CPU
		{F5FFF4E0-2637-4E5E-8377-F7594F974101}.Release|Any CPU.Build.0 = Release|Any CPU
		{E1A272B6-7A79-4E68-BF51-874C16E4AC6E}.Debug|Any CPU.ActiveCfg = Debug|Any CPU
		{E1A272B6-7A79-4E68-BF51-874C16E4AC6E}.Debug|Any CPU.Build.0 = Debug|Any CPU
		{E1A272B6-7A79-4E68-BF51-874C16E4AC6E}.Release|Any CPU.ActiveCfg = Release|Any CPU
		{E1A272B6-7A79-4E68-BF51-874C16E4AC6E}.Release|Any CPU.Build.0 = Release|Any CPU
		{A6014597-7449-48F6-87BA-6C0DEFD6C3B1}.Debug|Any CPU.ActiveCfg = Debug|Any CPU
		{A6014597-7449-48F6-87BA-6C0DEFD6C3B1}.Debug|Any CPU.Build.0 = Debug|Any CPU
		{A6014597-7449-48F6-87BA-6C0DEFD6C3B1}.Release|Any CPU.ActiveCfg = Release|Any CPU
		{A6014597-7449-48F6-87BA-6C0DEFD6C3B1}.Release|Any CPU.Build.0 = Release|Any CPU
		{0F0D160A-53DC-4F5D-9C0A-BDFE700DA71F}.Debug|Any CPU.ActiveCfg = Debug|Any CPU
		{0F0D160A-53DC-4F5D-9C0A-BDFE700DA71F}.Debug|Any CPU.Build.0 = Debug|Any CPU
		{0F0D160A-53DC-4F5D-9C0A-BDFE700DA71F}.Release|Any CPU.ActiveCfg = Release|Any CPU
		{0F0D160A-53DC-4F5D-9C0A-BDFE700DA71F}.Release|Any CPU.Build.0 = Release|Any CPU
		{96EFAE59-ECB1-49B2-92CC-28166AEB863B}.Debug|Any CPU.ActiveCfg = Debug|Any CPU
		{96EFAE59-ECB1-49B2-92CC-28166AEB863B}.Debug|Any CPU.Build.0 = Debug|Any CPU
		{96EFAE59-ECB1-49B2-92CC-28166AEB863B}.Release|Any CPU.ActiveCfg = Release|Any CPU
		{96EFAE59-ECB1-49B2-92CC-28166AEB863B}.Release|Any CPU.Build.0 = Release|Any CPU
	EndGlobalSection
	GlobalSection(SolutionProperties) = preSolution
		HideSolutionNode = FALSE
	EndGlobalSection
	GlobalSection(ExtensibilityGlobals) = postSolution
		SolutionGuid = {78C98980-3E8E-417A-8668-1FB651C0A8D8}
	EndGlobalSection
EndGlobal
